// !$*UTF8*$!
{
	archiveVersion = 1;
	classes = {
	};
	objectVersion = 56;
	objects = {

/* Begin PBXBuildFile section */
		F348AC612CB5BFFB00EDA79B /* CoreGraphics.framework in Frameworks */ = {isa = PBXBuildFile; fileRef = F348AC602CB5BFFB00EDA79B /* CoreGraphics.framework */; };
		F3601C652CDE5A450026ED0D /* marble.bmp in Resources */ = {isa = PBXBuildFile; fileRef = F3601C642CDE5A450026ED0D /* marble.bmp */; };
		F38103EE2C677F4F004560F6 /* AppDelegate.mm in Sources */ = {isa = PBXBuildFile; fileRef = F38103ED2C677F4F004560F6 /* AppDelegate.mm */; };
		F38103F42C677F4F004560F6 /* ViewController.mm in Sources */ = {isa = PBXBuildFile; fileRef = F38103F32C677F4F004560F6 /* ViewController.mm */; };
		F38103F92C677F51004560F6 /* Assets.xcassets in Resources */ = {isa = PBXBuildFile; fileRef = F38103F82C677F51004560F6 /* Assets.xcassets */; };
		F38103FF2C677F51004560F6 /* main.mm in Sources */ = {isa = PBXBuildFile; fileRef = F38103FE2C677F51004560F6 /* main.mm */; };
		F38104072C67849F004560F6 /* OGLES.mm in Sources */ = {isa = PBXBuildFile; fileRef = F38104062C67849F004560F6 /* OGLES.mm */; };
		F3A062332CB1323C006F749D /* OpenGLES.framework in Frameworks */ = {isa = PBXBuildFile; fileRef = F3A062322CB1323C006F749D /* OpenGLES.framework */; };
		F3C6B6882CB1BE7F00E77C8B /* UIKit.framework in Frameworks */ = {isa = PBXBuildFile; fileRef = F3C6B6872CB1BE7F00E77C8B /* UIKit.framework */; };
		F3C6B68A2CB1BE9600E77C8B /* QuartzCore.framework in Frameworks */ = {isa = PBXBuildFile; fileRef = F3C6B6892CB1BE9600E77C8B /* QuartzCore.framework */; };
/* End PBXBuildFile section */

/* Begin PBXFileReference section */
		F348AC602CB5BFFB00EDA79B /* CoreGraphics.framework */ = {isa = PBXFileReference; lastKnownFileType = wrapper.framework; name = CoreGraphics.framework; path = System/Library/Frameworks/CoreGraphics.framework; sourceTree = SDKROOT; };
		F3601C642CDE5A450026ED0D /* marble.bmp */ = {isa = PBXFileReference; lastKnownFileType = image.bmp; name = marble.bmp; path = "../../../../macOS/OpenGL/19-Interleaved/marble.bmp"; sourceTree = "<group>"; };
		F38103E92C677F4F004560F6 /* Window.app */ = {isa = PBXFileReference; explicitFileType = wrapper.application; includeInIndex = 0; path = Window.app; sourceTree = BUILT_PRODUCTS_DIR; };
		F38103EC2C677F4F004560F6 /* AppDelegate.h */ = {isa = PBXFileReference; lastKnownFileType = sourcecode.c.h; path = AppDelegate.h; sourceTree = "<group>"; };
		F38103ED2C677F4F004560F6 /* AppDelegate.mm */ = {isa = PBXFileReference; lastKnownFileType = sourcecode.cpp.objcpp; path = AppDelegate.mm; sourceTree = "<group>"; };
		F38103F22C677F4F004560F6 /* ViewController.h */ = {isa = PBXFileReference; lastKnownFileType = sourcecode.c.h; path = ViewController.h; sourceTree = "<group>"; };
		F38103F32C677F4F004560F6 /* ViewController.mm */ = {isa = PBXFileReference; lastKnownFileType = sourcecode.cpp.objcpp; path = ViewController.mm; sourceTree = "<group>"; };
		F38103F82C677F51004560F6 /* Assets.xcassets */ = {isa = PBXFileReference; lastKnownFileType = folder.assetcatalog; path = Assets.xcassets; sourceTree = "<group>"; };
		F38103FD2C677F51004560F6 /* Info.plist */ = {isa = PBXFileReference; lastKnownFileType = text.plist.xml; path = Info.plist; sourceTree = "<group>"; };
		F38103FE2C677F51004560F6 /* main.mm */ = {isa = PBXFileReference; lastKnownFileType = sourcecode.cpp.objcpp; path = main.mm; sourceTree = "<group>"; };
		F38104052C67849F004560F6 /* OGLES.h */ = {isa = PBXFileReference; lastKnownFileType = sourcecode.c.h; path = OGLES.h; sourceTree = "<group>"; };
		F38104062C67849F004560F6 /* OGLES.mm */ = {isa = PBXFileReference; lastKnownFileType = sourcecode.cpp.objcpp; path = OGLES.mm; sourceTree = "<group>"; };
		F3A062322CB1323C006F749D /* OpenGLES.framework */ = {isa = PBXFileReference; lastKnownFileType = wrapper.framework; name = OpenGLES.framework; path = System/Library/Frameworks/OpenGLES.framework; sourceTree = SDKROOT; };
		F3C6B6872CB1BE7F00E77C8B /* UIKit.framework */ = {isa = PBXFileReference; lastKnownFileType = wrapper.framework; name = UIKit.framework; path = System/Library/Frameworks/UIKit.framework; sourceTree = SDKROOT; };
		F3C6B6892CB1BE9600E77C8B /* QuartzCore.framework */ = {isa = PBXFileReference; lastKnownFileType = wrapper.framework; name = QuartzCore.framework; path = System/Library/Frameworks/QuartzCore.framework; sourceTree = SDKROOT; };
		F3C6B69D2CB1C04A00E77C8B /* vmath.h */ = {isa = PBXFileReference; lastKnownFileType = sourcecode.c.h; path = vmath.h; sourceTree = "<group>"; };
/* End PBXFileReference section */

/* Begin PBXFrameworksBuildPhase section */
		F38103E62C677F4F004560F6 /* Frameworks */ = {
			isa = PBXFrameworksBuildPhase;
			buildActionMask = 2147483647;
			files = (
				F348AC612CB5BFFB00EDA79B /* CoreGraphics.framework in Frameworks */,
				F3A062332CB1323C006F749D /* OpenGLES.framework in Frameworks */,
				F3C6B6882CB1BE7F00E77C8B /* UIKit.framework in Frameworks */,
				F3C6B68A2CB1BE9600E77C8B /* QuartzCore.framework in Frameworks */,
			);
			runOnlyForDeploymentPostprocessing = 0;
		};
/* End PBXFrameworksBuildPhase section */

/* Begin PBXGroup section */
		F38103E02C677F4F004560F6 = {
			isa = PBXGroup;
			children = (
				F38103EB2C677F4F004560F6 /* Window */,
				F38103EA2C677F4F004560F6 /* Products */,
				F3A062312CB1323C006F749D /* Frameworks */,
			);
			sourceTree = "<group>";
		};
		F38103EA2C677F4F004560F6 /* Products */ = {
			isa = PBXGroup;
			children = (
				F38103E92C677F4F004560F6 /* Window.app */,
			);
			name = Products;
			sourceTree = "<group>";
		};
		F38103EB2C677F4F004560F6 /* Window */ = {
			isa = PBXGroup;
			children = (
				F3601C642CDE5A450026ED0D /* marble.bmp */,
				F38103EC2C677F4F004560F6 /* AppDelegate.h */,
				F38103ED2C677F4F004560F6 /* AppDelegate.mm */,
				F38103F22C677F4F004560F6 /* ViewController.h */,
				F38103F32C677F4F004560F6 /* ViewController.mm */,
				F38104052C67849F004560F6 /* OGLES.h */,
				F3C6B69D2CB1C04A00E77C8B /* vmath.h */,
				F38104062C67849F004560F6 /* OGLES.mm */,
				F38103FE2C677F51004560F6 /* main.mm */,
				F38103F82C677F51004560F6 /* Assets.xcassets */,
				F38103FD2C677F51004560F6 /* Info.plist */,
			);
			path = Window;
			sourceTree = "<group>";
		};
		F3A062312CB1323C006F749D /* Frameworks */ = {
			isa = PBXGroup;
			children = (
				F348AC602CB5BFFB00EDA79B /* CoreGraphics.framework */,
				F3C6B6892CB1BE9600E77C8B /* QuartzCore.framework */,
				F3C6B6872CB1BE7F00E77C8B /* UIKit.framework */,
				F3A062322CB1323C006F749D /* OpenGLES.framework */,
			);
			name = Frameworks;
			sourceTree = "<group>";
		};
/* End PBXGroup section */

/* Begin PBXNativeTarget section */
		F38103E82C677F4F004560F6 /* Window */ = {
			isa = PBXNativeTarget;
			buildConfigurationList = F38104022C677F51004560F6 /* Build configuration list for PBXNativeTarget "Window" */;
			buildPhases = (
				F38103E52C677F4F004560F6 /* Sources */,
				F38103E62C677F4F004560F6 /* Frameworks */,
				F38103E72C677F4F004560F6 /* Resources */,
			);
			buildRules = (
			);
			dependencies = (
			);
			name = Window;
			productName = Window;
			productReference = F38103E92C677F4F004560F6 /* Window.app */;
			productType = "com.apple.product-type.application";
		};
/* End PBXNativeTarget section */

/* Begin PBXProject section */
		F38103E12C677F4F004560F6 /* Project object */ = {
			isa = PBXProject;
			attributes = {
				BuildIndependentTargetsInParallel = 1;
				LastUpgradeCheck = 1540;
				TargetAttributes = {
					F38103E82C677F4F004560F6 = {
						CreatedOnToolsVersion = 15.4;
					};
				};
			};
			buildConfigurationList = F38103E42C677F4F004560F6 /* Build configuration list for PBXProject "Window" */;
			compatibilityVersion = "Xcode 14.0";
			developmentRegion = en;
			hasScannedForEncodings = 0;
			knownRegions = (
				en,
				Base,
			);
			mainGroup = F38103E02C677F4F004560F6;
			productRefGroup = F38103EA2C677F4F004560F6 /* Products */;
			projectDirPath = "";
			projectRoot = "";
			targets = (
				F38103E82C677F4F004560F6 /* Window */,
			);
		};
/* End PBXProject section */

/* Begin PBXResourcesBuildPhase section */
		F38103E72C677F4F004560F6 /* Resources */ = {
			isa = PBXResourcesBuildPhase;
			buildActionMask = 2147483647;
			files = (
				F3601C652CDE5A450026ED0D /* marble.bmp in Resources */,
				F38103F92C677F51004560F6 /* Assets.xcassets in Resources */,
			);
			runOnlyForDeploymentPostprocessing = 0;
		};
/* End PBXResourcesBuildPhase section */

/* Begin PBXSourcesBuildPhase section */
		F38103E52C677F4F004560F6 /* Sources */ = {
			isa = PBXSourcesBuildPhase;
			buildActionMask = 2147483647;
			files = (
				F38104072C67849F004560F6 /* OGLES.mm in Sources */,
				F38103F42C677F4F004560F6 /* ViewController.mm in Sources */,
				F38103EE2C677F4F004560F6 /* AppDelegate.mm in Sources */,
				F38103FF2C677F51004560F6 /* main.mm in Sources */,
			);
			runOnlyForDeploymentPostprocessing = 0;
		};
/* End PBXSourcesBuildPhase section */

/* Begin XCBuildConfiguration section */
		F38104002C677F51004560F6 /* Debug */ = {
			isa = XCBuildConfiguration;
			buildSettings = {
				ALWAYS_SEARCH_USER_PATHS = NO;
				ASSETCATALOG_COMPILER_GENERATE_SWIFT_ASSET_SYMBOL_EXTENSIONS = YES;
				CLANG_ANALYZER_NONNULL = YES;
				CLANG_ANALYZER_NUMBER_OBJECT_CONVERSION = YES_AGGRESSIVE;
				CLANG_CXX_LANGUAGE_STANDARD = "gnu++20";
				CLANG_ENABLE_MODULES = YES;
				CLANG_ENABLE_OBJC_ARC = YES;
				CLANG_ENABLE_OBJC_WEAK = YES;
				CLANG_WARN_BLOCK_CAPTURE_AUTORELEASING = YES;
				CLANG_WARN_BOOL_CONVERSION = YES;
				CLANG_WARN_COMMA = YES;
				CLANG_WARN_CONSTANT_CONVERSION = YES;
				CLANG_WARN_DEPRECATED_OBJC_IMPLEMENTATIONS = YES;
				CLANG_WARN_DIRECT_OBJC_ISA_USAGE = YES_ERROR;
				CLANG_WARN_DOCUMENTATION_COMMENTS = YES;
				CLANG_WARN_EMPTY_BODY = YES;
				CLANG_WARN_ENUM_CONVERSION = YES;
				CLANG_WARN_INFINITE_RECURSION = YES;
				CLANG_WARN_INT_CONVERSION = YES;
				CLANG_WARN_NON_LITERAL_NULL_CONVERSION = YES;
				CLANG_WARN_OBJC_IMPLICIT_RETAIN_SELF = YES;
				CLANG_WARN_OBJC_LITERAL_CONVERSION = YES;
				CLANG_WARN_OBJC_ROOT_CLASS = YES_ERROR;
				CLANG_WARN_QUOTED_INCLUDE_IN_FRAMEWORK_HEADER = YES;
				CLANG_WARN_RANGE_LOOP_ANALYSIS = YES;
				CLANG_WARN_STRICT_PROTOTYPES = YES;
				CLANG_WARN_SUSPICIOUS_MOVE = YES;
				CLANG_WARN_UNGUARDED_AVAILABILITY = YES_AGGRESSIVE;
				CLANG_WARN_UNREACHABLE_CODE = YES;
				CLANG_WARN__DUPLICATE_METHOD_MATCH = YES;
				COPY_PHASE_STRIP = NO;
				DEBUG_INFORMATION_FORMAT = dwarf;
				ENABLE_STRICT_OBJC_MSGSEND = YES;
				ENABLE_TESTABILITY = YES;
				ENABLE_USER_SCRIPT_SANDBOXING = YES;
				GCC_C_LANGUAGE_STANDARD = gnu17;
				GCC_DYNAMIC_NO_PIC = NO;
				GCC_NO_COMMON_BLOCKS = YES;
				GCC_OPTIMIZATION_LEVEL = 0;
				GCC_PREPROCESSOR_DEFINITIONS = (
					"DEBUG=1",
					"$(inherited)",
				);
				GCC_WARN_64_TO_32_BIT_CONVERSION = YES;
				GCC_WARN_ABOUT_RETURN_TYPE = YES_ERROR;
				GCC_WARN_UNDECLARED_SELECTOR = YES;
				GCC_WARN_UNINITIALIZED_AUTOS = YES_AGGRESSIVE;
				GCC_WARN_UNUSED_FUNCTION = YES;
				GCC_WARN_UNUSED_VARIABLE = YES;
				IPHONEOS_DEPLOYMENT_TARGET = 17.5;
				LOCALIZATION_PREFERS_STRING_CATALOGS = YES;
				MTL_ENABLE_DEBUG_INFO = INCLUDE_SOURCE;
				MTL_FAST_MATH = YES;
				ONLY_ACTIVE_ARCH = YES;
				SDKROOT = iphoneos;
			};
			name = Debug;
		};
		F38104012C677F51004560F6 /* Release */ = {
			isa = XCBuildConfiguration;
			buildSettings = {
				ALWAYS_SEARCH_USER_PATHS = NO;
				ASSETCATALOG_COMPILER_GENERATE_SWIFT_ASSET_SYMBOL_EXTENSIONS = YES;
				CLANG_ANALYZER_NONNULL = YES;
				CLANG_ANALYZER_NUMBER_OBJECT_CONVERSION = YES_AGGRESSIVE;
				CLANG_CXX_LANGUAGE_STANDARD = "gnu++20";
				CLANG_ENABLE_MODULES = YES;
				CLANG_ENABLE_OBJC_ARC = YES;
				CLANG_ENABLE_OBJC_WEAK = YES;
				CLANG_WARN_BLOCK_CAPTURE_AUTORELEASING = YES;
				CLANG_WARN_BOOL_CONVERSION = YES;
				CLANG_WARN_COMMA = YES;
				CLANG_WARN_CONSTANT_CONVERSION = YES;
				CLANG_WARN_DEPRECATED_OBJC_IMPLEMENTATIONS = YES;
				CLANG_WARN_DIRECT_OBJC_ISA_USAGE = YES_ERROR;
				CLANG_WARN_DOCUMENTATION_COMMENTS = YES;
				CLANG_WARN_EMPTY_BODY = YES;
				CLANG_WARN_ENUM_CONVERSION = YES;
				CLANG_WARN_INFINITE_RECURSION = YES;
				CLANG_WARN_INT_CONVERSION = YES;
				CLANG_WARN_NON_LITERAL_NULL_CONVERSION = YES;
				CLANG_WARN_OBJC_IMPLICIT_RETAIN_SELF = YES;
				CLANG_WARN_OBJC_LITERAL_CONVERSION = YES;
				CLANG_WARN_OBJC_ROOT_CLASS = YES_ERROR;
				CLANG_WARN_QUOTED_INCLUDE_IN_FRAMEWORK_HEADER = YES;
				CLANG_WARN_RANGE_LOOP_ANALYSIS = YES;
				CLANG_WARN_STRICT_PROTOTYPES = YES;
				CLANG_WARN_SUSPICIOUS_MOVE = YES;
				CLANG_WARN_UNGUARDED_AVAILABILITY = YES_AGGRESSIVE;
				CLANG_WARN_UNREACHABLE_CODE = YES;
				CLANG_WARN__DUPLICATE_METHOD_MATCH = YES;
				COPY_PHASE_STRIP = NO;
				DEBUG_INFORMATION_FORMAT = "dwarf-with-dsym";
				ENABLE_NS_ASSERTIONS = NO;
				ENABLE_STRICT_OBJC_MSGSEND = YES;
				ENABLE_USER_SCRIPT_SANDBOXING = YES;
				GCC_C_LANGUAGE_STANDARD = gnu17;
				GCC_NO_COMMON_BLOCKS = YES;
				GCC_WARN_64_TO_32_BIT_CONVERSION = YES;
				GCC_WARN_ABOUT_RETURN_TYPE = YES_ERROR;
				GCC_WARN_UNDECLARED_SELECTOR = YES;
				GCC_WARN_UNINITIALIZED_AUTOS = YES_AGGRESSIVE;
				GCC_WARN_UNUSED_FUNCTION = YES;
				GCC_WARN_UNUSED_VARIABLE = YES;
				IPHONEOS_DEPLOYMENT_TARGET = 17.5;
				LOCALIZATION_PREFERS_STRING_CATALOGS = YES;
				MTL_ENABLE_DEBUG_INFO = NO;
				MTL_FAST_MATH = YES;
				SDKROOT = iphoneos;
				VALIDATE_PRODUCT = YES;
			};
			name = Release;
		};
		F38104032C677F51004560F6 /* Debug */ = {
			isa = XCBuildConfiguration;
			buildSettings = {
				ASSETCATALOG_COMPILER_APPICON_NAME = AppIcon;
				ASSETCATALOG_COMPILER_GLOBAL_ACCENT_COLOR_NAME = AccentColor;
				CLANG_ENABLE_OBJC_ARC = NO;
				CODE_SIGN_STYLE = Manual;
				CURRENT_PROJECT_VERSION = 1;
				DEVELOPMENT_TEAM = "";
				GENERATE_INFOPLIST_FILE = YES;
				INFOPLIST_FILE = Window/Info.plist;
				INFOPLIST_KEY_CFBundleDisplayName = Window;
				INFOPLIST_KEY_UIApplicationSupportsIndirectInputEvents = YES;
				INFOPLIST_KEY_UILaunchStoryboardName = "";
				INFOPLIST_KEY_UIMainStoryboardFile = "";
				INFOPLIST_KEY_UIRequiresFullScreen = YES;
				INFOPLIST_KEY_UIStatusBarHidden = YES;
				INFOPLIST_KEY_UISupportedInterfaceOrientations = "UIInterfaceOrientationLandscapeLeft UIInterfaceOrientationLandscapeRight";
				LD_RUNPATH_SEARCH_PATHS = (
					"$(inherited)",
					"@executable_path/Frameworks",
				);
				MARKETING_VERSION = 1.0;
				OTHER_CFLAGS = "-Wno-deprecated-declarations";
				PRODUCT_BUNDLE_IDENTIFIER = pb.Window;
				PRODUCT_NAME = "$(TARGET_NAME)";
				PROVISIONING_PROFILE_SPECIFIER = "";
				SWIFT_EMIT_LOC_STRINGS = YES;
				TARGETED_DEVICE_FAMILY = "1,2";
			};
			name = Debug;
		};
		F38104042C677F51004560F6 /* Release */ = {
			isa = XCBuildConfiguration;
			buildSettings = {
				ASSETCATALOG_COMPILER_APPICON_NAME = AppIcon;
				ASSETCATALOG_COMPILER_GLOBAL_ACCENT_COLOR_NAME = AccentColor;
				CLANG_ENABLE_OBJC_ARC = NO;
				CODE_SIGN_STYLE = Manual;
				CURRENT_PROJECT_VERSION = 1;
				DEVELOPMENT_TEAM = "";
				GENERATE_INFOPLIST_FILE = YES;
				INFOPLIST_FILE = Window/Info.plist;
				INFOPLIST_KEY_CFBundleDisplayName = Window;
				INFOPLIST_KEY_UIApplicationSupportsIndirectInputEvents = YES;
				INFOPLIST_KEY_UILaunchStoryboardName = "";
				INFOPLIST_KEY_UIMainStoryboardFile = "";
				INFOPLIST_KEY_UIRequiresFullScreen = YES;
				INFOPLIST_KEY_UIStatusBarHidden = YES;
				INFOPLIST_KEY_UISupportedInterfaceOrientations = "UIInterfaceOrientationLandscapeLeft UIInterfaceOrientationLandscapeRight";
				LD_RUNPATH_SEARCH_PATHS = (
					"$(inherited)",
					"@executable_path/Frameworks",
				);
				MARKETING_VERSION = 1.0;
				OTHER_CFLAGS = "-Wno-deprecated-declarations";
				PRODUCT_BUNDLE_IDENTIFIER = pb.Window;
				PRODUCT_NAME = "$(TARGET_NAME)";
				PROVISIONING_PROFILE_SPECIFIER = "";
				SWIFT_EMIT_LOC_STRINGS = YES;
				TARGETED_DEVICE_FAMILY = "1,2";
			};
			name = Release;
		};
/* End XCBuildConfiguration section */

/* Begin XCConfigurationList section */
		F38103E42C677F4F004560F6 /* Build configuration list for PBXProject "Window" */ = {
			isa = XCConfigurationList;
			buildConfigurations = (
				F38104002C677F51004560F6 /* Debug */,
				F38104012C677F51004560F6 /* Release */,
			);
			defaultConfigurationIsVisible = 0;
			defaultConfigurationName = Release;
		};
		F38104022C677F51004560F6 /* Build configuration list for PBXNativeTarget "Window" */ = {
			isa = XCConfigurationList;
			buildConfigurations = (
				F38104032C677F51004560F6 /* Debug */,
				F38104042C677F51004560F6 /* Release */,
			);
			defaultConfigurationIsVisible = 0;
			defaultConfigurationName = Release;
		};
/* End XCConfigurationList section */
	};
	rootObject = F38103E12C677F4F004560F6 /* Project object */;
}
